
Microsoft Visual Studio Solution File, Format Version 12.00
# Visual Studio Version 16
VisualStudioVersion = 16.0.35826.135
MinimumVisualStudioVersion = 10.0.40219.1
Project("{FAE04EC0-301F-11D3-BF4B-00C04F79EFBC}") = "Practice_13_WPF_2", "Practice_13_WPF_2\Practice_13_WPF_2.csproj", "{A71B8910-3504-4E5A-B0D7-5FAAB55A640B}"
EndProject
Global
	GlobalSection(SolutionConfigurationPlatforms) = preSolution
		Debug|Any CPU = Debug|Any CPU
		Release|Any CPU = Release|Any CPU
	EndGlobalSection
	GlobalSection(ProjectConfigurationPlatforms) = postSolution
		{A71B8910-3504-4E5A-B0D7-5FAAB55A640B}.Debug|Any CPU.ActiveCfg = Debug|Any CPU
		{A71B8910-3504-4E5A-B0D7-5FAAB55A640B}.Debug|Any CPU.Build.0 = Debug|Any CPU
		{A71B8910-3504-4E5A-B0D7-5FAAB55A640B}.Release|Any CPU.ActiveCfg = Release|Any CPU
		{A71B8910-3504-4E5A-B0D7-5FAAB55A640B}.Release|Any CPU.Build.0 = Release|Any CPU
	EndGlobalSection
	GlobalSection(SolutionProperties) = preSolution
		HideSolutionNode = FALSE
	EndGlobalSection
	GlobalSection(ExtensibilityGlobals) = postSolution
		SolutionGuid = {CB2565A8-D10C-4EB4-96DD-55206BA9B0D0}
	EndGlobalSection
EndGlobal
